PODS:
  - HHLoopView (0.1.1):
    - SDWebImage
  - SDWebImage (4.4.1):
    - SDWebImage/Core (= 4.4.1)
  - SDWebImage/Core (4.4.1)

DEPENDENCIES:
  - HHLoopView (from `../`)

SPEC REPOS:
  https://github.com/cocoapods/specs.git:
    - SDWebImage

EXTERNAL SOURCES:
  HHLoopView:
    :path: "../"

SPEC CHECKSUMS:
  HHLoopView: 4aa23f4cb79140b8fb9652c44b8c813b1be0a497
  SDWebImage: 47e9b5b925cbce75946c23f0c42dd19464189af4

PODFILE CHECKSUM: e8dac50769d9533641e622eda49d1cc0e7b9320e

COCOAPODS: 1.5.3
